
Microsoft Visual Studio Solution File, Format Version 12.00
# Visual Studio Version 16
VisualStudioVersion = 16.0.31424.327
MinimumVisualStudioVersion = 10.0.40219.1
Project("{FAE04EC0-301F-11D3-BF4B-00C04F79EFBC}") = "Week7a", "Week7a\Week7a.csproj", "{092FBB8C-957A-4781-9E30-B495F52165F3}"
EndProject
Global
	GlobalSection(SolutionConfigurationPlatforms) = preSolution
		Debug|Any CPU = Debug|Any CPU
		Release|Any CPU = Release|Any CPU
	EndGlobalSection
	GlobalSection(ProjectConfigurationPlatforms) = postSolution
		{092FBB8C-957A-4781-9E30-B495F52165F3}.Debug|Any CPU.ActiveCfg = Debug|Any CPU
		{092FBB8C-957A-4781-9E30-B495F52165F3}.Debug|Any CPU.Build.0 = Debug|Any CPU
		{092FBB8C-957A-4781-9E30-B495F52165F3}.Release|Any CPU.ActiveCfg = Release|Any CPU
		{092FBB8C-957A-4781-9E30-B495F52165F3}.Release|Any CPU.Build.0 = Release|Any CPU
	EndGlobalSection
	GlobalSection(SolutionProperties) = preSolution
		HideSolutionNode = FALSE
	EndGlobalSection
	GlobalSection(ExtensibilityGlobals) = postSolution
		SolutionGuid = {10FE7D3E-309C-48C4-AAE9-D46756040CE4}
	EndGlobalSection
EndGlobal
